
Microsoft Visual Studio Solution File, Format Version 12.00
# Visual Studio Version 17
VisualStudioVersion = 17.8.34408.163
MinimumVisualStudioVersion = 10.0.40219.1
Project("{FAE04EC0-301F-11D3-BF4B-00C04F79EFBC}") = "CRUDApi", "CRUDApi.csproj", "{8A973263-8DBE-43C5-B739-7C25E3D5E26C}"
EndProject
Global
	GlobalSection(SolutionConfigurationPlatforms) = preSolution
		Debug|Any CPU = Debug|Any CPU
		Release|Any CPU = Release|Any CPU
	EndGlobalSection
	GlobalSection(ProjectConfigurationPlatforms) = postSolution
		{8A973263-8DBE-43C5-B739-7C25E3D5E26C}.Debug|Any CPU.ActiveCfg = Debug|Any CPU
		{8A973263-8DBE-43C5-B739-7C25E3D5E26C}.Debug|Any CPU.Build.0 = Debug|Any CPU
		{8A973263-8DBE-43C5-B739-7C25E3D5E26C}.Release|Any CPU.ActiveCfg = Release|Any CPU
		{8A973263-8DBE-43C5-B739-7C25E3D5E26C}.Release|Any CPU.Build.0 = Release|Any CPU
	EndGlobalSection
	GlobalSection(SolutionProperties) = preSolution
		HideSolutionNode = FALSE
	EndGlobalSection
	GlobalSection(ExtensibilityGlobals) = postSolution
		SolutionGuid = {F09653D7-57E0-4CE7-9DE8-59E4FDFCF2C0}
	EndGlobalSection
EndGlobal
